
Microsoft Visual Studio Solution File, Format Version 12.00
Project("{FAE04EC0-301F-11D3-BF4B-00C04F79EFBC}") = "Municipal-Servcies-Portal", "Municipal-Servcies-Portal\Municipal-Servcies-Portal.csproj", "{9EC19312-AECB-418A-B19F-626066A5054E}"
EndProject
Global
	GlobalSection(SolutionConfigurationPlatforms) = preSolution
		Debug|Any CPU = Debug|Any CPU
		Release|Any CPU = Release|Any CPU
	EndGlobalSection
	GlobalSection(ProjectConfigurationPlatforms) = postSolution
		{9EC19312-AECB-418A-B19F-626066A5054E}.Debug|Any CPU.ActiveCfg = Debug|Any CPU
		{9EC19312-AECB-418A-B19F-626066A5054E}.Debug|Any CPU.Build.0 = Debug|Any CPU
		{9EC19312-AECB-418A-B19F-626066A5054E}.Release|Any CPU.ActiveCfg = Release|Any CPU
		{9EC19312-AECB-418A-B19F-626066A5054E}.Release|Any CPU.Build.0 = Release|Any CPU
	EndGlobalSection
EndGlobal
